
Microsoft Visual Studio Solution File, Format Version 12.00
Project("{FAE04EC0-301F-11D3-BF4B-00C04F79EFBC}") = "Core", "Core\Core.csproj", "{78ADB0B9-B325-4DC3-8025-9AE443FF3A1E}"
EndProject
Project("{FAE04EC0-301F-11D3-BF4B-00C04F79EFBC}") = "Interfaces", "Interfaces\Interfaces.csproj", "{6DBE8A63-AD1A-4955-98C5-91F34B4E4C4B}"
EndProject
Project("{FAE04EC0-301F-11D3-BF4B-00C04F79EFBC}") = "DAO", "DAO\DAO.csproj", "{5108068E-C0A3-4D22-B52A-DD1DEA4BF66F}"
EndProject
Project("{FAE04EC0-301F-11D3-BF4B-00C04F79EFBC}") = "BL", "BL\BL.csproj", "{3B121F58-49D7-4ACA-818C-34735A501358}"
EndProject
Project("{FAE04EC0-301F-11D3-BF4B-00C04F79EFBC}") = "Web", "Web\Web.csproj", "{F2392471-A15B-4BEB-9B68-CEE42EF46A78}"
EndProject
Project("{FAE04EC0-301F-11D3-BF4B-00C04F79EFBC}") = "UI.WPF", "UI.WPF\UI.WPF.csproj", "{E7A3734C-A58E-4A84-994A-B2CD100241C3}"
EndProject
Global
	GlobalSection(SolutionConfigurationPlatforms) = preSolution
		Debug|Any CPU = Debug|Any CPU
		Release|Any CPU = Release|Any CPU
	EndGlobalSection
	GlobalSection(ProjectConfigurationPlatforms) = postSolution
		{78ADB0B9-B325-4DC3-8025-9AE443FF3A1E}.Debug|Any CPU.ActiveCfg = Debug|Any CPU
		{78ADB0B9-B325-4DC3-8025-9AE443FF3A1E}.Debug|Any CPU.Build.0 = Debug|Any CPU
		{78ADB0B9-B325-4DC3-8025-9AE443FF3A1E}.Release|Any CPU.ActiveCfg = Release|Any CPU
		{78ADB0B9-B325-4DC3-8025-9AE443FF3A1E}.Release|Any CPU.Build.0 = Release|Any CPU
		{6DBE8A63-AD1A-4955-98C5-91F34B4E4C4B}.Debug|Any CPU.ActiveCfg = Debug|Any CPU
		{6DBE8A63-AD1A-4955-98C5-91F34B4E4C4B}.Debug|Any CPU.Build.0 = Debug|Any CPU
		{6DBE8A63-AD1A-4955-98C5-91F34B4E4C4B}.Release|Any CPU.ActiveCfg = Release|Any CPU
		{6DBE8A63-AD1A-4955-98C5-91F34B4E4C4B}.Release|Any CPU.Build.0 = Release|Any CPU
		{5108068E-C0A3-4D22-B52A-DD1DEA4BF66F}.Debug|Any CPU.ActiveCfg = Debug|Any CPU
		{5108068E-C0A3-4D22-B52A-DD1DEA4BF66F}.Debug|Any CPU.Build.0 = Debug|Any CPU
		{5108068E-C0A3-4D22-B52A-DD1DEA4BF66F}.Release|Any CPU.ActiveCfg = Release|Any CPU
		{5108068E-C0A3-4D22-B52A-DD1DEA4BF66F}.Release|Any CPU.Build.0 = Release|Any CPU
		{3B121F58-49D7-4ACA-818C-34735A501358}.Debug|Any CPU.ActiveCfg = Debug|Any CPU
		{3B121F58-49D7-4ACA-818C-34735A501358}.Debug|Any CPU.Build.0 = Debug|Any CPU
		{3B121F58-49D7-4ACA-818C-34735A501358}.Release|Any CPU.ActiveCfg = Release|Any CPU
		{3B121F58-49D7-4ACA-818C-34735A501358}.Release|Any CPU.Build.0 = Release|Any CPU
		{F2392471-A15B-4BEB-9B68-CEE42EF46A78}.Debug|Any CPU.ActiveCfg = Debug|Any CPU
		{F2392471-A15B-4BEB-9B68-CEE42EF46A78}.Debug|Any CPU.Build.0 = Debug|Any CPU
		{F2392471-A15B-4BEB-9B68-CEE42EF46A78}.Release|Any CPU.ActiveCfg = Release|Any CPU
		{F2392471-A15B-4BEB-9B68-CEE42EF46A78}.Release|Any CPU.Build.0 = Release|Any CPU
		{E7A3734C-A58E-4A84-994A-B2CD100241C3}.Debug|Any CPU.ActiveCfg = Debug|Any CPU
		{E7A3734C-A58E-4A84-994A-B2CD100241C3}.Debug|Any CPU.Build.0 = Debug|Any CPU
		{E7A3734C-A58E-4A84-994A-B2CD100241C3}.Release|Any CPU.ActiveCfg = Release|Any CPU
		{E7A3734C-A58E-4A84-994A-B2CD100241C3}.Release|Any CPU.Build.0 = Release|Any CPU
	EndGlobalSection
EndGlobal
